// !$*UTF8*$!
{
	archiveVersion = 1;
	classes = {
	};
	objectVersion = 56;
	objects = {

/* Begin PBXBuildFile section */
		4395C6C52997E2EB00DBB678 /* Universal_CountdownApp.swift in Sources */ = {isa = PBXBuildFile; fileRef = 4395C6C42997E2EB00DBB678 /* Universal_CountdownApp.swift */; };
		4395C6C72997E2EB00DBB678 /* ContentView.swift in Sources */ = {isa = PBXBuildFile; fileRef = 4395C6C62997E2EB00DBB678 /* ContentView.swift */; };
		4395C6C92997E2EC00DBB678 /* Assets.xcassets in Resources */ = {isa = PBXBuildFile; fileRef = 4395C6C82997E2EC00DBB678 /* Assets.xcassets */; };
		4395C6CC2997E2EC00DBB678 /* Preview Assets.xcassets in Resources */ = {isa = PBXBuildFile; fileRef = 4395C6CB2997E2EC00DBB678 /* Preview Assets.xcassets */; };
		4395C6CE2997E2EC00DBB678 /* Persistence.swift in Sources */ = {isa = PBXBuildFile; fileRef = 4395C6CD2997E2EC00DBB678 /* Persistence.swift */; };
		4395C6D12997E2ED00DBB678 /* Universal_Countdown.xcdatamodeld in Sources */ = {isa = PBXBuildFile; fileRef = 4395C6CF2997E2ED00DBB678 /* Universal_Countdown.xcdatamodeld */; };
		4395C6D82997E60A00DBB678 /* Networking.swift in Sources */ = {isa = PBXBuildFile; fileRef = 4395C6D72997E60A00DBB678 /* Networking.swift */; };
		4395C6DA299971E700DBB678 /* SettingsView.swift in Sources */ = {isa = PBXBuildFile; fileRef = 4395C6D9299971E700DBB678 /* SettingsView.swift */; };
		4395C6DC2999852B00DBB678 /* Utils.swift in Sources */ = {isa = PBXBuildFile; fileRef = 4395C6DB2999852B00DBB678 /* Utils.swift */; };
		4395C6DF299A6BC100DBB678 /* QuickActions.swift in Sources */ = {isa = PBXBuildFile; fileRef = 4395C6DE299A6BC100DBB678 /* QuickActions.swift */; };
		4395C6E1299A742C00DBB678 /* AppDelegate.swift in Sources */ = {isa = PBXBuildFile; fileRef = 4395C6E0299A742C00DBB678 /* AppDelegate.swift */; };
/* End PBXBuildFile section */

/* Begin PBXFileReference section */
		4395C6C12997E2EB00DBB678 /* Universal_Countdown.app */ = {isa = PBXFileReference; explicitFileType = wrapper.application; includeInIndex = 0; path = Universal_Countdown.app; sourceTree = BUILT_PRODUCTS_DIR; };
		4395C6C42997E2EB00DBB678 /* Universal_CountdownApp.swift */ = {isa = PBXFileReference; lastKnownFileType = sourcecode.swift; path = Universal_CountdownApp.swift; sourceTree = "<group>"; };
		4395C6C62997E2EB00DBB678 /* ContentView.swift */ = {isa = PBXFileReference; lastKnownFileType = sourcecode.swift; path = ContentView.swift; sourceTree = "<group>"; };
		4395C6C82997E2EC00DBB678 /* Assets.xcassets */ = {isa = PBXFileReference; lastKnownFileType = folder.assetcatalog; path = Assets.xcassets; sourceTree = "<group>"; };
		4395C6CB2997E2EC00DBB678 /* Preview Assets.xcassets */ = {isa = PBXFileReference; lastKnownFileType = folder.assetcatalog; path = "Preview Assets.xcassets"; sourceTree = "<group>"; };
		4395C6CD2997E2EC00DBB678 /* Persistence.swift */ = {isa = PBXFileReference; lastKnownFileType = sourcecode.swift; path = Persistence.swift; sourceTree = "<group>"; };
		4395C6D02997E2ED00DBB678 /* Universal_Countdown.xcdatamodel */ = {isa = PBXFileReference; lastKnownFileType = wrapper.xcdatamodel; path = Universal_Countdown.xcdatamodel; sourceTree = "<group>"; };
		4395C6D72997E60A00DBB678 /* Networking.swift */ = {isa = PBXFileReference; lastKnownFileType = sourcecode.swift; path = Networking.swift; sourceTree = "<group>"; };
		4395C6D9299971E700DBB678 /* SettingsView.swift */ = {isa = PBXFileReference; lastKnownFileType = sourcecode.swift; path = SettingsView.swift; sourceTree = "<group>"; };
		4395C6DB2999852B00DBB678 /* Utils.swift */ = {isa = PBXFileReference; lastKnownFileType = sourcecode.swift; path = Utils.swift; sourceTree = "<group>"; };
		4395C6DD299A6B1600DBB678 /* Universal-Countdown-Info.plist */ = {isa = PBXFileReference; lastKnownFileType = text.plist; path = "Universal-Countdown-Info.plist"; sourceTree = SOURCE_ROOT; };
		4395C6DE299A6BC100DBB678 /* QuickActions.swift */ = {isa = PBXFileReference; lastKnownFileType = sourcecode.swift; path = QuickActions.swift; sourceTree = "<group>"; };
		4395C6E0299A742C00DBB678 /* AppDelegate.swift */ = {isa = PBXFileReference; lastKnownFileType = sourcecode.swift; path = AppDelegate.swift; sourceTree = "<group>"; };
/* End PBXFileReference section */

/* Begin PBXFrameworksBuildPhase section */
		4395C6BE2997E2EB00DBB678 /* Frameworks */ = {
			isa = PBXFrameworksBuildPhase;
			buildActionMask = 2147483647;
			files = (
			);
			runOnlyForDeploymentPostprocessing = 0;
		};
/* End PBXFrameworksBuildPhase section */

/* Begin PBXGroup section */
		4395C6B82997E2EB00DBB678 = {
			isa = PBXGroup;
			children = (
				4395C6C32997E2EB00DBB678 /* Universal_Countdown */,
				4395C6C22997E2EB00DBB678 /* Products */,
			);
			sourceTree = "<group>";
		};
		4395C6C22997E2EB00DBB678 /* Products */ = {
			isa = PBXGroup;
			children = (
				4395C6C12997E2EB00DBB678 /* Universal_Countdown.app */,
			);
			name = Products;
			sourceTree = "<group>";
		};
		4395C6C32997E2EB00DBB678 /* Universal_Countdown */ = {
			isa = PBXGroup;
			children = (
				4395C6E3299A88DA00DBB678 /* App_Utilities */,
				4395C6E2299A88AC00DBB678 /* Views */,
				4395C6DD299A6B1600DBB678 /* Universal-Countdown-Info.plist */,
				4395C6C42997E2EB00DBB678 /* Universal_CountdownApp.swift */,
				4395C6C82997E2EC00DBB678 /* Assets.xcassets */,
				4395C6CF2997E2ED00DBB678 /* Universal_Countdown.xcdatamodeld */,
				4395C6CA2997E2EC00DBB678 /* Preview Content */,
			);
			path = Universal_Countdown;
			sourceTree = "<group>";
		};
		4395C6CA2997E2EC00DBB678 /* Preview Content */ = {
			isa = PBXGroup;
			children = (
				4395C6CB2997E2EC00DBB678 /* Preview Assets.xcassets */,
			);
			path = "Preview Content";
			sourceTree = "<group>";
		};
		4395C6E2299A88AC00DBB678 /* Views */ = {
			isa = PBXGroup;
			children = (
				4395C6C62997E2EB00DBB678 /* ContentView.swift */,
				4395C6D9299971E700DBB678 /* SettingsView.swift */,
			);
			path = Views;
			sourceTree = "<group>";
		};
		4395C6E3299A88DA00DBB678 /* App_Utilities */ = {
			isa = PBXGroup;
			children = (
				4395C6DE299A6BC100DBB678 /* QuickActions.swift */,
				4395C6E0299A742C00DBB678 /* AppDelegate.swift */,
				4395C6CD2997E2EC00DBB678 /* Persistence.swift */,
				4395C6D72997E60A00DBB678 /* Networking.swift */,
				4395C6DB2999852B00DBB678 /* Utils.swift */,
			);
			path = App_Utilities;
			sourceTree = "<group>";
		};
/* End PBXGroup section */

/* Begin PBXNativeTarget section */
		4395C6C02997E2EB00DBB678 /* Universal_Countdown */ = {
			isa = PBXNativeTarget;
			buildConfigurationList = 4395C6D42997E2ED00DBB678 /* Build configuration list for PBXNativeTarget "Universal_Countdown" */;
			buildPhases = (
				4395C6BD2997E2EB00DBB678 /* Sources */,
				4395C6BE2997E2EB00DBB678 /* Frameworks */,
				4395C6BF2997E2EB00DBB678 /* Resources */,
			);
			buildRules = (
			);
			dependencies = (
			);
			name = Universal_Countdown;
			productName = Universal_Countdown;
			productReference = 4395C6C12997E2EB00DBB678 /* Universal_Countdown.app */;
			productType = "com.apple.product-type.application";
		};
/* End PBXNativeTarget section */

/* Begin PBXProject section */
		4395C6B92997E2EB00DBB678 /* Project object */ = {
			isa = PBXProject;
			attributes = {
				BuildIndependentTargetsInParallel = 1;
				LastSwiftUpdateCheck = 1420;
				LastUpgradeCheck = 1420;
				TargetAttributes = {
					4395C6C02997E2EB00DBB678 = {
						CreatedOnToolsVersion = 14.2;
					};
				};
			};
			buildConfigurationList = 4395C6BC2997E2EB00DBB678 /* Build configuration list for PBXProject "Universal_Countdown" */;
			compatibilityVersion = "Xcode 14.0";
			developmentRegion = en;
			hasScannedForEncodings = 0;
			knownRegions = (
				en,
				Base,
			);
			mainGroup = 4395C6B82997E2EB00DBB678;
			productRefGroup = 4395C6C22997E2EB00DBB678 /* Products */;
			projectDirPath = "";
			projectRoot = "";
			targets = (
				4395C6C02997E2EB00DBB678 /* Universal_Countdown */,
			);
		};
/* End PBXProject section */

/* Begin PBXResourcesBuildPhase section */
		4395C6BF2997E2EB00DBB678 /* Resources */ = {
			isa = PBXResourcesBuildPhase;
			buildActionMask = 2147483647;
			files = (
				4395C6CC2997E2EC00DBB678 /* Preview Assets.xcassets in Resources */,
				4395C6C92997E2EC00DBB678 /* Assets.xcassets in Resources */,
			);
			runOnlyForDeploymentPostprocessing = 0;
		};
/* End PBXResourcesBuildPhase section */

/* Begin PBXSourcesBuildPhase section */
		4395C6BD2997E2EB00DBB678 /* Sources */ = {
			isa = PBXSourcesBuildPhase;
			buildActionMask = 2147483647;
			files = (
				4395C6CE2997E2EC00DBB678 /* Persistence.swift in Sources */,
				4395C6D82997E60A00DBB678 /* Networking.swift in Sources */,
				4395C6C72997E2EB00DBB678 /* ContentView.swift in Sources */,
				4395C6E1299A742C00DBB678 /* AppDelegate.swift in Sources */,
				4395C6DF299A6BC100DBB678 /* QuickActions.swift in Sources */,
				4395C6DC2999852B00DBB678 /* Utils.swift in Sources */,
				4395C6DA299971E700DBB678 /* SettingsView.swift in Sources */,
				4395C6D12997E2ED00DBB678 /* Universal_Countdown.xcdatamodeld in Sources */,
				4395C6C52997E2EB00DBB678 /* Universal_CountdownApp.swift in Sources */,
			);
			runOnlyForDeploymentPostprocessing = 0;
		};
/* End PBXSourcesBuildPhase section */

/* Begin XCBuildConfiguration section */
		4395C6D22997E2ED00DBB678 /* Debug */ = {
			isa = XCBuildConfiguration;
			buildSettings = {
				ALWAYS_SEARCH_USER_PATHS = NO;
				CLANG_ANALYZER_NONNULL = YES;
				CLANG_ANALYZER_NUMBER_OBJECT_CONVERSION = YES_AGGRESSIVE;
				CLANG_CXX_LANGUAGE_STANDARD = "gnu++20";
				CLANG_ENABLE_MODULES = YES;
				CLANG_ENABLE_OBJC_ARC = YES;
				CLANG_ENABLE_OBJC_WEAK = YES;
				CLANG_WARN_BLOCK_CAPTURE_AUTORELEASING = YES;
				CLANG_WARN_BOOL_CONVERSION = YES;
				CLANG_WARN_COMMA = YES;
				CLANG_WARN_CONSTANT_CONVERSION = YES;
				CLANG_WARN_DEPRECATED_OBJC_IMPLEMENTATIONS = YES;
				CLANG_WARN_DIRECT_OBJC_ISA_USAGE = YES_ERROR;
				CLANG_WARN_DOCUMENTATION_COMMENTS = YES;
				CLANG_WARN_EMPTY_BODY = YES;
				CLANG_WARN_ENUM_CONVERSION = YES;
				CLANG_WARN_INFINITE_RECURSION = YES;
				CLANG_WARN_INT_CONVERSION = YES;
				CLANG_WARN_NON_LITERAL_NULL_CONVERSION = YES;
				CLANG_WARN_OBJC_IMPLICIT_RETAIN_SELF = YES;
				CLANG_WARN_OBJC_LITERAL_CONVERSION = YES;
				CLANG_WARN_OBJC_ROOT_CLASS = YES_ERROR;
				CLANG_WARN_QUOTED_INCLUDE_IN_FRAMEWORK_HEADER = YES;
				CLANG_WARN_RANGE_LOOP_ANALYSIS = YES;
				CLANG_WARN_STRICT_PROTOTYPES = YES;
				CLANG_WARN_SUSPICIOUS_MOVE = YES;
				CLANG_WARN_UNGUARDED_AVAILABILITY = YES_AGGRESSIVE;
				CLANG_WARN_UNREACHABLE_CODE = YES;
				CLANG_WARN__DUPLICATE_METHOD_MATCH = YES;
				COPY_PHASE_STRIP = NO;
				DEBUG_INFORMATION_FORMAT = dwarf;
				ENABLE_STRICT_OBJC_MSGSEND = YES;
				ENABLE_TESTABILITY = YES;
				GCC_C_LANGUAGE_STANDARD = gnu11;
				GCC_DYNAMIC_NO_PIC = NO;
				GCC_NO_COMMON_BLOCKS = YES;
				GCC_OPTIMIZATION_LEVEL = 0;
				GCC_PREPROCESSOR_DEFINITIONS = (
					"DEBUG=1",
					"$(inherited)",
				);
				GCC_WARN_64_TO_32_BIT_CONVERSION = YES;
				GCC_WARN_ABOUT_RETURN_TYPE = YES_ERROR;
				GCC_WARN_UNDECLARED_SELECTOR = YES;
				GCC_WARN_UNINITIALIZED_AUTOS = YES_AGGRESSIVE;
				GCC_WARN_UNUSED_FUNCTION = YES;
				GCC_WARN_UNUSED_VARIABLE = YES;
				IPHONEOS_DEPLOYMENT_TARGET = 16.2;
				MTL_ENABLE_DEBUG_INFO = INCLUDE_SOURCE;
				MTL_FAST_MATH = YES;
				ONLY_ACTIVE_ARCH = YES;
				SDKROOT = iphoneos;
				SWIFT_ACTIVE_COMPILATION_CONDITIONS = DEBUG;
				SWIFT_OPTIMIZATION_LEVEL = "-Onone";
			};
			name = Debug;
		};
		4395C6D32997E2ED00DBB678 /* Release */ = {
			isa = XCBuildConfiguration;
			buildSettings = {
				ALWAYS_SEARCH_USER_PATHS = NO;
				CLANG_ANALYZER_NONNULL = YES;
				CLANG_ANALYZER_NUMBER_OBJECT_CONVERSION = YES_AGGRESSIVE;
				CLANG_CXX_LANGUAGE_STANDARD = "gnu++20";
				CLANG_ENABLE_MODULES = YES;
				CLANG_ENABLE_OBJC_ARC = YES;
				CLANG_ENABLE_OBJC_WEAK = YES;
				CLANG_WARN_BLOCK_CAPTURE_AUTORELEASING = YES;
				CLANG_WARN_BOOL_CONVERSION = YES;
				CLANG_WARN_COMMA = YES;
				CLANG_WARN_CONSTANT_CONVERSION = YES;
				CLANG_WARN_DEPRECATED_OBJC_IMPLEMENTATIONS = YES;
				CLANG_WARN_DIRECT_OBJC_ISA_USAGE = YES_ERROR;
				CLANG_WARN_DOCUMENTATION_COMMENTS = YES;
				CLANG_WARN_EMPTY_BODY = YES;
				CLANG_WARN_ENUM_CONVERSION = YES;
				CLANG_WARN_INFINITE_RECURSION = YES;
				CLANG_WARN_INT_CONVERSION = YES;
				CLANG_WARN_NON_LITERAL_NULL_CONVERSION = YES;
				CLANG_WARN_OBJC_IMPLICIT_RETAIN_SELF = YES;
				CLANG_WARN_OBJC_LITERAL_CONVERSION = YES;
				CLANG_WARN_OBJC_ROOT_CLASS = YES_ERROR;
				CLANG_WARN_QUOTED_INCLUDE_IN_FRAMEWORK_HEADER = YES;
				CLANG_WARN_RANGE_LOOP_ANALYSIS = YES;
				CLANG_WARN_STRICT_PROTOTYPES = YES;
				CLANG_WARN_SUSPICIOUS_MOVE = YES;
				CLANG_WARN_UNGUARDED_AVAILABILITY = YES_AGGRESSIVE;
				CLANG_WARN_UNREACHABLE_CODE = YES;
				CLANG_WARN__DUPLICATE_METHOD_MATCH = YES;
				COPY_PHASE_STRIP = NO;
				DEBUG_INFORMATION_FORMAT = "dwarf-with-dsym";
				ENABLE_NS_ASSERTIONS = NO;
				ENABLE_STRICT_OBJC_MSGSEND = YES;
				GCC_C_LANGUAGE_STANDARD = gnu11;
				GCC_NO_COMMON_BLOCKS = YES;
				GCC_WARN_64_TO_32_BIT_CONVERSION = YES;
				GCC_WARN_ABOUT_RETURN_TYPE = YES_ERROR;
				GCC_WARN_UNDECLARED_SELECTOR = YES;
				GCC_WARN_UNINITIALIZED_AUTOS = YES_AGGRESSIVE;
				GCC_WARN_UNUSED_FUNCTION = YES;
				GCC_WARN_UNUSED_VARIABLE = YES;
				IPHONEOS_DEPLOYMENT_TARGET = 16.2;
				MTL_ENABLE_DEBUG_INFO = NO;
				MTL_FAST_MATH = YES;
				SDKROOT = iphoneos;
				SWIFT_COMPILATION_MODE = wholemodule;
				SWIFT_OPTIMIZATION_LEVEL = "-O";
				VALIDATE_PRODUCT = YES;
			};
			name = Release;
		};
		4395C6D52997E2ED00DBB678 /* Debug */ = {
			isa = XCBuildConfiguration;
			buildSettings = {
				ASSETCATALOG_COMPILER_APPICON_NAME = AppIcon;
				ASSETCATALOG_COMPILER_GLOBAL_ACCENT_COLOR_NAME = AccentColor;
				CODE_SIGN_STYLE = Automatic;
				CURRENT_PROJECT_VERSION = 1;
				DEVELOPMENT_ASSET_PATHS = "\"Universal_Countdown/Preview Content\"";
				DEVELOPMENT_TEAM = ZQTE6J8KSE;
				ENABLE_PREVIEWS = YES;
				GENERATE_INFOPLIST_FILE = YES;
				INFOPLIST_FILE = "Universal-Countdown-Info.plist";
				INFOPLIST_KEY_CFBundleDisplayName = Countdown;
				INFOPLIST_KEY_LSApplicationCategoryType = "public.app-category.utilities";
				INFOPLIST_KEY_UIApplicationSupportsIndirectInputEvents = YES;
				INFOPLIST_KEY_UILaunchScreen_Generation = YES;
				INFOPLIST_KEY_UISupportedInterfaceOrientations = UIInterfaceOrientationPortrait;
				INFOPLIST_KEY_UISupportedInterfaceOrientations_iPad = "UIInterfaceOrientationLandscapeLeft UIInterfaceOrientationLandscapeRight UIInterfaceOrientationPortrait UIInterfaceOrientationPortraitUpsideDown";
				IPHONEOS_DEPLOYMENT_TARGET = 16.0;
				LD_RUNPATH_SEARCH_PATHS = (
					"$(inherited)",
					"@executable_path/Frameworks",
				);
				MARKETING_VERSION = 1.0;
				PRODUCT_BUNDLE_IDENTIFIER = "Dark-Assassins-Inc..Universal-Countdown";
				PRODUCT_NAME = "$(TARGET_NAME)";
				SWIFT_EMIT_LOC_STRINGS = YES;
				SWIFT_VERSION = 5.0;
				TARGETED_DEVICE_FAMILY = "1,2";
			};
			name = Debug;
		};
		4395C6D62997E2ED00DBB678 /* Release */ = {
			isa = XCBuildConfiguration;
			buildSettings = {
				ASSETCATALOG_COMPILER_APPICON_NAME = AppIcon;
				ASSETCATALOG_COMPILER_GLOBAL_ACCENT_COLOR_NAME = AccentColor;
				CODE_SIGN_STYLE = Automatic;
				CURRENT_PROJECT_VERSION = 1;
				DEVELOPMENT_ASSET_PATHS = "\"Universal_Countdown/Preview Content\"";
				DEVELOPMENT_TEAM = ZQTE6J8KSE;
				ENABLE_PREVIEWS = YES;
				GENERATE_INFOPLIST_FILE = YES;
				INFOPLIST_FILE = "Universal-Countdown-Info.plist";
				INFOPLIST_KEY_CFBundleDisplayName = Countdown;
				INFOPLIST_KEY_LSApplicationCategoryType = "public.app-category.utilities";
				INFOPLIST_KEY_UIApplicationSupportsIndirectInputEvents = YES;
				INFOPLIST_KEY_UILaunchScreen_Generation = YES;
				INFOPLIST_KEY_UISupportedInterfaceOrientations = UIInterfaceOrientationPortrait;
				INFOPLIST_KEY_UISupportedInterfaceOrientations_iPad = "UIInterfaceOrientationLandscapeLeft UIInterfaceOrientationLandscapeRight UIInterfaceOrientationPortrait UIInterfaceOrientationPortraitUpsideDown";
				IPHONEOS_DEPLOYMENT_TARGET = 16.0;
				LD_RUNPATH_SEARCH_PATHS = (
					"$(inherited)",
					"@executable_path/Frameworks",
				);
				MARKETING_VERSION = 1.0;
				PRODUCT_BUNDLE_IDENTIFIER = "Dark-Assassins-Inc..Universal-Countdown";
				PRODUCT_NAME = "$(TARGET_NAME)";
				SWIFT_EMIT_LOC_STRINGS = YES;
				SWIFT_VERSION = 5.0;
				TARGETED_DEVICE_FAMILY = "1,2";
			};
			name = Release;
		};
/* End XCBuildConfiguration section */

/* Begin XCConfigurationList section */
		4395C6BC2997E2EB00DBB678 /* Build configuration list for PBXProject "Universal_Countdown" */ = {
			isa = XCConfigurationList;
			buildConfigurations = (
				4395C6D22997E2ED00DBB678 /* Debug */,
				4395C6D32997E2ED00DBB678 /* Release */,
			);
			defaultConfigurationIsVisible = 0;
			defaultConfigurationName = Release;
		};
		4395C6D42997E2ED00DBB678 /* Build configuration list for PBXNativeTarget "Universal_Countdown" */ = {
			isa = XCConfigurationList;
			buildConfigurations = (
				4395C6D52997E2ED00DBB678 /* Debug */,
				4395C6D62997E2ED00DBB678 /* Release */,
			);
			defaultConfigurationIsVisible = 0;
			defaultConfigurationName = Release;
		};
/* End XCConfigurationList section */

/* Begin XCVersionGroup section */
		4395C6CF2997E2ED00DBB678 /* Universal_Countdown.xcdatamodeld */ = {
			isa = XCVersionGroup;
			children = (
				4395C6D02997E2ED00DBB678 /* Universal_Countdown.xcdatamodel */,
			);
			currentVersion = 4395C6D02997E2ED00DBB678 /* Universal_Countdown.xcdatamodel */;
			path = Universal_Countdown.xcdatamodeld;
			sourceTree = "<group>";
			versionGroupType = wrapper.xcdatamodel;
		};
/* End XCVersionGroup section */
	};
	rootObject = 4395C6B92997E2EB00DBB678 /* Project object */;
}
